
Microsoft Visual Studio Solution File, Format Version 12.00
# Visual Studio Version 16
VisualStudioVersion = 16.0.31729.503
MinimumVisualStudioVersion = 10.0.40219.1
Project("{FAE04EC0-301F-11D3-BF4B-00C04F79EFBC}") = "2", "2.csproj", "{3B8A0FBD-1555-4034-A798-9FF0533BECEB}"
EndProject
Global
	GlobalSection(SolutionConfigurationPlatforms) = preSolution
		Debug|Any CPU = Debug|Any CPU
		Release|Any CPU = Release|Any CPU
	EndGlobalSection
	GlobalSection(ProjectConfigurationPlatforms) = postSolution
		{3B8A0FBD-1555-4034-A798-9FF0533BECEB}.Debug|Any CPU.ActiveCfg = Debug|Any CPU
		{3B8A0FBD-1555-4034-A798-9FF0533BECEB}.Debug|Any CPU.Build.0 = Debug|Any CPU
		{3B8A0FBD-1555-4034-A798-9FF0533BECEB}.Release|Any CPU.ActiveCfg = Release|Any CPU
		{3B8A0FBD-1555-4034-A798-9FF0533BECEB}.Release|Any CPU.Build.0 = Release|Any CPU
	EndGlobalSection
	GlobalSection(SolutionProperties) = preSolution
		HideSolutionNode = FALSE
	EndGlobalSection
	GlobalSection(ExtensibilityGlobals) = postSolution
		SolutionGuid = {FD60C110-656C-4EDB-848D-1E3C0B0EE638}
	EndGlobalSection
EndGlobal
